
Microsoft Visual Studio Solution File, Format Version 12.00
# Visual Studio Version 16
VisualStudioVersion = 16.0.30011.22
MinimumVisualStudioVersion = 10.0.40219.1
Project("{FAE04EC0-301F-11D3-BF4B-00C04F79EFBC}") = "TranslatorToolApp", "TranslatorToolApp\TranslatorToolApp.csproj", "{3BDC0D70-2D8C-4874-ABC2-9B300D29ED4E}"
EndProject
Global
	GlobalSection(SolutionConfigurationPlatforms) = preSolution
		Debug|Any CPU = Debug|Any CPU
		Release|Any CPU = Release|Any CPU
	EndGlobalSection
	GlobalSection(ProjectConfigurationPlatforms) = postSolution
		{3BDC0D70-2D8C-4874-ABC2-9B300D29ED4E}.Debug|Any CPU.ActiveCfg = Debug|Any CPU
		{3BDC0D70-2D8C-4874-ABC2-9B300D29ED4E}.Debug|Any CPU.Build.0 = Debug|Any CPU
		{3BDC0D70-2D8C-4874-ABC2-9B300D29ED4E}.Release|Any CPU.ActiveCfg = Release|Any CPU
		{3BDC0D70-2D8C-4874-ABC2-9B300D29ED4E}.Release|Any CPU.Build.0 = Release|Any CPU
	EndGlobalSection
	GlobalSection(SolutionProperties) = preSolution
		HideSolutionNode = FALSE
	EndGlobalSection
	GlobalSection(ExtensibilityGlobals) = postSolution
		SolutionGuid = {728C5A08-5942-44E0-90B2-A96F1BF210E7}
	EndGlobalSection
EndGlobal
